
Microsoft Visual Studio Solution File, Format Version 12.00
# Visual Studio Version 16
VisualStudioVersion = 16.0.29728.190
MinimumVisualStudioVersion = 10.0.40219.1
Project("{FAE04EC0-301F-11D3-BF4B-00C04F79EFBC}") = "DeckButtonsServer", "DeckButtonsServer.csproj", "{77033A33-9719-4AD9-8417-13CA31DC32A5}"
EndProject
Global
	GlobalSection(SolutionConfigurationPlatforms) = preSolution
		Debug|Any CPU = Debug|Any CPU
		Release|Any CPU = Release|Any CPU
	EndGlobalSection
	GlobalSection(ProjectConfigurationPlatforms) = postSolution
		{77033A33-9719-4AD9-8417-13CA31DC32A5}.Debug|Any CPU.ActiveCfg = Debug|Any CPU
		{77033A33-9719-4AD9-8417-13CA31DC32A5}.Debug|Any CPU.Build.0 = Debug|Any CPU
		{77033A33-9719-4AD9-8417-13CA31DC32A5}.Release|Any CPU.ActiveCfg = Release|Any CPU
		{77033A33-9719-4AD9-8417-13CA31DC32A5}.Release|Any CPU.Build.0 = Release|Any CPU
	EndGlobalSection
	GlobalSection(SolutionProperties) = preSolution
		HideSolutionNode = FALSE
	EndGlobalSection
	GlobalSection(ExtensibilityGlobals) = postSolution
		SolutionGuid = {A32FC075-E02E-419E-B863-632F0510B6C2}
	EndGlobalSection
EndGlobal
